
Microsoft Visual Studio Solution File, Format Version 12.00
# Visual Studio 15
VisualStudioVersion = 15.0.28307.705
MinimumVisualStudioVersion = 10.0.40219.1
Project("{FAE04EC0-301F-11D3-BF4B-00C04F79EFBC}") = "cookbook", "cookbook\cookbook.csproj", "{639C1F9E-87A5-4995-BBA9-196FB68D0135}"
EndProject
Global
	GlobalSection(SolutionConfigurationPlatforms) = preSolution
		Debug|Any CPU = Debug|Any CPU
		Release|Any CPU = Release|Any CPU
	EndGlobalSection
	GlobalSection(ProjectConfigurationPlatforms) = postSolution
		{639C1F9E-87A5-4995-BBA9-196FB68D0135}.Debug|Any CPU.ActiveCfg = Debug|Any CPU
		{639C1F9E-87A5-4995-BBA9-196FB68D0135}.Debug|Any CPU.Build.0 = Debug|Any CPU
		{639C1F9E-87A5-4995-BBA9-196FB68D0135}.Release|Any CPU.ActiveCfg = Release|Any CPU
		{639C1F9E-87A5-4995-BBA9-196FB68D0135}.Release|Any CPU.Build.0 = Release|Any CPU
	EndGlobalSection
	GlobalSection(SolutionProperties) = preSolution
		HideSolutionNode = FALSE
	EndGlobalSection
	GlobalSection(ExtensibilityGlobals) = postSolution
		SolutionGuid = {17DDB00D-876B-4B9B-B882-3ED9D3B468DC}
	EndGlobalSection
EndGlobal
